
Microsoft Visual Studio Solution File, Format Version 12.00
# Visual Studio Version 16
VisualStudioVersion = 16.0.30907.101
MinimumVisualStudioVersion = 10.0.40219.1
Project("{FAE04EC0-301F-11D3-BF4B-00C04F79EFBC}") = "Library_Management_System", "Library_Management_System\Library_Management_System.csproj", "{15B04547-9900-4697-AED6-98229EE3CB89}"
EndProject
Global
	GlobalSection(SolutionConfigurationPlatforms) = preSolution
		Debug|Any CPU = Debug|Any CPU
		Release|Any CPU = Release|Any CPU
	EndGlobalSection
	GlobalSection(ProjectConfigurationPlatforms) = postSolution
		{15B04547-9900-4697-AED6-98229EE3CB89}.Debug|Any CPU.ActiveCfg = Debug|Any CPU
		{15B04547-9900-4697-AED6-98229EE3CB89}.Debug|Any CPU.Build.0 = Debug|Any CPU
		{15B04547-9900-4697-AED6-98229EE3CB89}.Release|Any CPU.ActiveCfg = Release|Any CPU
		{15B04547-9900-4697-AED6-98229EE3CB89}.Release|Any CPU.Build.0 = Release|Any CPU
	EndGlobalSection
	GlobalSection(SolutionProperties) = preSolution
		HideSolutionNode = FALSE
	EndGlobalSection
	GlobalSection(ExtensibilityGlobals) = postSolution
		SolutionGuid = {B07A0B7A-FC42-4770-AD1B-410371CCBB87}
	EndGlobalSection
EndGlobal
